
Microsoft Visual Studio Solution File, Format Version 12.00
# Visual Studio Version 17
VisualStudioVersion = 17.9.34607.119
MinimumVisualStudioVersion = 10.0.40219.1
Project("{FAE04EC0-301F-11D3-BF4B-00C04F79EFBC}") = "NetBinaryWriterReaderApp", "NetBinaryWriterReaderApp\NetBinaryWriterReaderApp.csproj", "{50C73461-CAF6-4A2B-A954-4A6A4825033E}"
EndProject
Global
	GlobalSection(SolutionConfigurationPlatforms) = preSolution
		Debug|Any CPU = Debug|Any CPU
		Release|Any CPU = Release|Any CPU
	EndGlobalSection
	GlobalSection(ProjectConfigurationPlatforms) = postSolution
		{50C73461-CAF6-4A2B-A954-4A6A4825033E}.Debug|Any CPU.ActiveCfg = Debug|Any CPU
		{50C73461-CAF6-4A2B-A954-4A6A4825033E}.Debug|Any CPU.Build.0 = Debug|Any CPU
		{50C73461-CAF6-4A2B-A954-4A6A4825033E}.Release|Any CPU.ActiveCfg = Release|Any CPU
		{50C73461-CAF6-4A2B-A954-4A6A4825033E}.Release|Any CPU.Build.0 = Release|Any CPU
	EndGlobalSection
	GlobalSection(SolutionProperties) = preSolution
		HideSolutionNode = FALSE
	EndGlobalSection
	GlobalSection(ExtensibilityGlobals) = postSolution
		SolutionGuid = {B381E7C1-C960-4CE0-AB70-4644DCAAC454}
	EndGlobalSection
EndGlobal
